
Microsoft Visual Studio Solution File, Format Version 12.00
# Visual Studio Version 16
VisualStudioVersion = 16.0.30717.126
MinimumVisualStudioVersion = 10.0.40219.1
Project("{888888A0-9F3D-457C-B088-3A5042F75D52}") = "advent3", "advent3.pyproj", "{9989B252-1B64-4BFD-9ABE-B43369CB2D26}"
EndProject
Global
	GlobalSection(SolutionConfigurationPlatforms) = preSolution
		Debug|Any CPU = Debug|Any CPU
		Release|Any CPU = Release|Any CPU
	EndGlobalSection
	GlobalSection(ProjectConfigurationPlatforms) = postSolution
		{9989B252-1B64-4BFD-9ABE-B43369CB2D26}.Debug|Any CPU.ActiveCfg = Debug|Any CPU
		{9989B252-1B64-4BFD-9ABE-B43369CB2D26}.Release|Any CPU.ActiveCfg = Release|Any CPU
	EndGlobalSection
	GlobalSection(SolutionProperties) = preSolution
		HideSolutionNode = FALSE
	EndGlobalSection
	GlobalSection(ExtensibilityGlobals) = postSolution
		SolutionGuid = {D1A8A437-9C6F-49E1-91C1-C3E84AA5A4A4}
	EndGlobalSection
EndGlobal
